<?xml version="1.0" encoding="utf-8"?>
<Project ToolsVersion="4.0" xmlns="http://schemas.microsoft.com/developer/msbuild/2003">
  <ItemGroup>
    <Filter Include="Source Files">
      <UniqueIdentifier>{4FC737F1-C7A5-4376-A066-2A32D752A2FF}</UniqueIdentifier>
      <Extensions>cpp;c;cc;cxx;def;odl;idl;hpj;bat;asm;asmx</Extensions>
    </Filter>
    <Filter Include="Header Files">
      <UniqueIdentifier>{93995380-89BD-4b04-88EB-625FBE52EBFB}</UniqueIdentifier>
      <Extensions>h;hh;hpp;hxx;hm;inl;inc;xsd</Extensions>
    </Filter>
    <Filter Include="Resource Files">
      <UniqueIdentifier>{67DA6AB6-F800-4c08-8B7A-83BB121AAD01}</UniqueIdentifier>
      <Extensions>rc;ico;cur;bmp;dlg;rc2;rct;bin;rgs;gif;jpg;jpeg;jpe;resx;tiff;tif;png;wav;mfcribbon-ms</Extensions>
    </Filter>
    <Filter Include="Resource Files\Sockets">
      <UniqueIdentifier>{84d01acd-e7e2-4753-a13b-2ad232e77078}</UniqueIdentifier>
    </Filter>
    <Filter Include="Resource Files\Sockets\AbstractSocket">
      <UniqueIdentifier>{11bed51e-62df-4bcd-9575-7f8376ecc7f0}</UniqueIdentifier>
    </Filter>
    <Filter Include="Resource Files\Sockets\BroadcastSocket">
      <UniqueIdentifier>{0930cef0-124c-41da-93ac-19fbfe88e459}</UniqueIdentifier>
    </Filter>
    <Filter Include="Resource Files\Sockets\RecvSocket">
      <UniqueIdentifier>{53710956-0a85-42b9-b774-92361c449b60}</UniqueIdentifier>
    </Filter>
    <Filter Include="Resource Files\Network">
      <UniqueIdentifier>{fa85caea-0b5a-450a-8d88-eade69c281f9}</UniqueIdentifier>
    </Filter>
    <Filter Include="Resource Files\Parcer">
      <UniqueIdentifier>{7d4b864f-af13-4085-a115-7dcbb8a36304}</UniqueIdentifier>
    </Filter>
    <Filter Include="Resource Files\Structs">
      <UniqueIdentifier>{fbf7341a-d794-4345-890e-285372788da8}</UniqueIdentifier>
    </Filter>
    <Filter Include="Resource Files\Defines">
      <UniqueIdentifier>{483feb59-f140-4428-870d-3000dfa18978}</UniqueIdentifier>
    </Filter>
    <Filter Include="Resource Files\Functors">
      <UniqueIdentifier>{ca416001-877e-4b9e-9f0c-a4b58142e274}</UniqueIdentifier>
    </Filter>
    <Filter Include="Resource Files\Functors\NameSearch">
      <UniqueIdentifier>{2c3dc7bf-e3f0-4417-bbaa-81a06169ce2a}</UniqueIdentifier>
    </Filter>
    <Filter Include="Resource Files\Mutex">
      <UniqueIdentifier>{4123beed-911c-4afb-88db-1c8ed18d1508}</UniqueIdentifier>
    </Filter>
    <Filter Include="Resource Files\Thread">
      <UniqueIdentifier>{d454ce85-b419-4413-959f-dff685b06c1b}</UniqueIdentifier>
    </Filter>
  </ItemGroup>
  <ItemGroup>
    <ClCompile Include="AppManager.cpp">
      <Filter>Resource Files</Filter>
    </ClCompile>
    <ClCompile Include="Chat.cpp">
      <Filter>Resource Files</Filter>
    </ClCompile>
    <ClCompile Include="main.cpp">
      <Filter>Source Files</Filter>
    </ClCompile>
    <ClCompile Include="AbstractSocket.cpp">
      <Filter>Resource Files\Sockets\AbstractSocket</Filter>
    </ClCompile>
    <ClCompile Include="BroadcastSocket.cpp">
      <Filter>Resource Files\Sockets\BroadcastSocket</Filter>
    </ClCompile>
    <ClCompile Include="RecvSocket.cpp">
      <Filter>Resource Files\Sockets\RecvSocket</Filter>
    </ClCompile>
    <ClCompile Include="Network.cpp">
      <Filter>Resource Files\Network</Filter>
    </ClCompile>
    <ClCompile Include="Parcer.cpp">
      <Filter>Resource Files\Parcer</Filter>
    </ClCompile>
    <ClCompile Include="NameSearch.cpp">
      <Filter>Resource Files\Functors\NameSearch</Filter>
    </ClCompile>
    <ClCompile Include="Mutex.cpp">
      <Filter>Resource Files\Mutex</Filter>
    </ClCompile>
    <ClCompile Include="Thread.cpp">
      <Filter>Resource Files\Thread</Filter>
    </ClCompile>
  </ItemGroup>
  <ItemGroup>
    <ClInclude Include="AppManager.h">
      <Filter>Resource Files</Filter>
    </ClInclude>
    <ClInclude Include="Chat.h">
      <Filter>Resource Files</Filter>
    </ClInclude>
    <ClInclude Include="AbstractSocket.h">
      <Filter>Resource Files\Sockets\AbstractSocket</Filter>
    </ClInclude>
    <ClInclude Include="BroadcastSocket.h">
      <Filter>Resource Files\Sockets\BroadcastSocket</Filter>
    </ClInclude>
    <ClInclude Include="RecvSocket.h">
      <Filter>Resource Files\Sockets\RecvSocket</Filter>
    </ClInclude>
    <ClInclude Include="Network.h">
      <Filter>Resource Files\Network</Filter>
    </ClInclude>
    <ClInclude Include="Parcer.h">
      <Filter>Resource Files\Parcer</Filter>
    </ClInclude>
    <ClInclude Include="LogMessage.h">
      <Filter>Resource Files\Structs</Filter>
    </ClInclude>
    <ClInclude Include="RecvStruct.h">
      <Filter>Resource Files\Structs</Filter>
    </ClInclude>
    <ClInclude Include="UnpackedMessage.h">
      <Filter>Resource Files\Structs</Filter>
    </ClInclude>
    <ClInclude Include="Defines.h">
      <Filter>Resource Files\Defines</Filter>
    </ClInclude>
    <ClInclude Include="UserMsg.h">
      <Filter>Resource Files\Structs</Filter>
    </ClInclude>
    <ClInclude Include="NameSearch.h">
      <Filter>Resource Files\Functors\NameSearch</Filter>
    </ClInclude>
    <ClInclude Include="Mutex.h">
      <Filter>Resource Files\Mutex</Filter>
    </ClInclude>
    <ClInclude Include="Thread.h">
      <Filter>Resource Files\Thread</Filter>
    </ClInclude>
  </ItemGroup>
</Project>